Microsoft Visual Studio Solution File, Format Version 12.00
# Visual Studio Version 17
VisualStudioVersion = 17.5.2.0
MinimumVisualStudioVersion = 10.0.40219.1
Project("{2150E333-8FDC-42A3-9474-1A3956D46DE8}") = "src", "src", "{827E0CD3-B72D-47B6-A68D-7590B98EB39B}"
EndProject
Project("{2150E333-8FDC-42A3-9474-1A3956D46DE8}") = "Cms.ImageService", "Cms.ImageService", "{AB93DD96-1427-F3D2-5DAB-69FF3D47B430}"
EndProject
Project("{2150E333-8FDC-42A3-9474-1A3956D46DE8}") = "src", "src", "{7C4AFDDB-E0CD-9F59-9B7E-BF13BD542FE6}"
EndProject
Project("{2150E333-8FDC-42A3-9474-1A3956D46DE8}") = "Cli", "Cli", "{098CE75E-B797-C77F-26D8-AB3B9E5C8C24}"
EndProject
Project("{FAE04EC0-301F-11D3-BF4B-00C04F79EFBC}") = "Cms.ImageService.Cli", "src\Cms.ImageService\src\Cli\src\Cms.ImageService.Cli.csproj", "{FDDB7F46-97CC-EE42-A6D2-78C1DED40AC5}"
EndProject
Project("{2150E333-8FDC-42A3-9474-1A3956D46DE8}") = "Api", "Api", "{DB7932B4-59C0-68D2-1AF5-442FD1232ADF}"
EndProject
Project("{FAE04EC0-301F-11D3-BF4B-00C04F79EFBC}") = "Cms.ImageService.Api", "src\Cms.ImageService\src\Api\src\Cms.ImageService.Api.csproj", "{B38D754F-3556-AAD0-758F-ECC7321F00DE}"
EndProject
Project("{2150E333-8FDC-42A3-9474-1A3956D46DE8}") = "Application", "Application", "{B8682DDF-94BC-EF16-2072-F48BB03E008B}"
EndProject
Project("{FAE04EC0-301F-11D3-BF4B-00C04F79EFBC}") = "Cms.ImageService.Application", "src\Cms.ImageService\src\Application\src\Cms.ImageService.Application.csproj", "{F7923785-1EDC-B123-F998-F105578D14A3}"
EndProject
Project("{2150E333-8FDC-42A3-9474-1A3956D46DE8}") = "Infrastructure", "Infrastructure", "{C683487A-90D8-6BAC-B800-FB42CA90B8E3}"
EndProject
Project("{FAE04EC0-301F-11D3-BF4B-00C04F79EFBC}") = "Cms.ImageService.Infrastructure", "src\Cms.ImageService\src\Infrastructure\src\Cms.ImageService.Infrastructure.csproj", "{D6AE9C56-22D2-C1C3-7D60-9D8D0FF68061}"
EndProject
Project("{2150E333-8FDC-42A3-9474-1A3956D46DE8}") = "Domain", "Domain", "{4C4E5536-4B8C-1D31-F482-1DE652D8A519}"
EndProject
Project("{FAE04EC0-301F-11D3-BF4B-00C04F79EFBC}") = "Cms.ImageService.Domain", "src\Cms.ImageService\src\Domain\src\Cms.ImageService.Domain.csproj", "{83A1ED11-DD44-E92D-214B-6677F6838CBF}"
EndProject
Global
	GlobalSection(SolutionConfigurationPlatforms) = preSolution
		Debug|Any CPU = Debug|Any CPU
		Release|Any CPU = Release|Any CPU
	EndGlobalSection
	GlobalSection(ProjectConfigurationPlatforms) = postSolution
		{FDDB7F46-97CC-EE42-A6D2-78C1DED40AC5}.Debug|Any CPU.ActiveCfg = Debug|Any CPU
		{FDDB7F46-97CC-EE42-A6D2-78C1DED40AC5}.Debug|Any CPU.Build.0 = Debug|Any CPU
		{FDDB7F46-97CC-EE42-A6D2-78C1DED40AC5}.Release|Any CPU.ActiveCfg = Release|Any CPU
		{FDDB7F46-97CC-EE42-A6D2-78C1DED40AC5}.Release|Any CPU.Build.0 = Release|Any CPU
		{B38D754F-3556-AAD0-758F-ECC7321F00DE}.Debug|Any CPU.ActiveCfg = Debug|Any CPU
		{B38D754F-3556-AAD0-758F-ECC7321F00DE}.Debug|Any CPU.Build.0 = Debug|Any CPU
		{B38D754F-3556-AAD0-758F-ECC7321F00DE}.Release|Any CPU.ActiveCfg = Release|Any CPU
		{B38D754F-3556-AAD0-758F-ECC7321F00DE}.Release|Any CPU.Build.0 = Release|Any CPU
		{F7923785-1EDC-B123-F998-F105578D14A3}.Debug|Any CPU.ActiveCfg = Debug|Any CPU
		{F7923785-1EDC-B123-F998-F105578D14A3}.Debug|Any CPU.Build.0 = Debug|Any CPU
		{F7923785-1EDC-B123-F998-F105578D14A3}.Release|Any CPU.ActiveCfg = Release|Any CPU
		{F7923785-1EDC-B123-F998-F105578D14A3}.Release|Any CPU.Build.0 = Release|Any CPU
		{D6AE9C56-22D2-C1C3-7D60-9D8D0FF68061}.Debug|Any CPU.ActiveCfg = Debug|Any CPU
		{D6AE9C56-22D2-C1C3-7D60-9D8D0FF68061}.Debug|Any CPU.Build.0 = Debug|Any CPU
		{D6AE9C56-22D2-C1C3-7D60-9D8D0FF68061}.Release|Any CPU.ActiveCfg = Release|Any CPU
		{D6AE9C56-22D2-C1C3-7D60-9D8D0FF68061}.Release|Any CPU.Build.0 = Release|Any CPU
		{83A1ED11-DD44-E92D-214B-6677F6838CBF}.Debug|Any CPU.ActiveCfg = Debug|Any CPU
		{83A1ED11-DD44-E92D-214B-6677F6838CBF}.Debug|Any CPU.Build.0 = Debug|Any CPU
		{83A1ED11-DD44-E92D-214B-6677F6838CBF}.Release|Any CPU.ActiveCfg = Release|Any CPU
		{83A1ED11-DD44-E92D-214B-6677F6838CBF}.Release|Any CPU.Build.0 = Release|Any CPU
	EndGlobalSection
	GlobalSection(SolutionProperties) = preSolution
		HideSolutionNode = FALSE
	EndGlobalSection
	GlobalSection(NestedProjects) = preSolution
		{AB93DD96-1427-F3D2-5DAB-69FF3D47B430} = {827E0CD3-B72D-47B6-A68D-7590B98EB39B}
		{7C4AFDDB-E0CD-9F59-9B7E-BF13BD542FE6} = {AB93DD96-1427-F3D2-5DAB-69FF3D47B430}
		{098CE75E-B797-C77F-26D8-AB3B9E5C8C24} = {7C4AFDDB-E0CD-9F59-9B7E-BF13BD542FE6}
		{FDDB7F46-97CC-EE42-A6D2-78C1DED40AC5} = {098CE75E-B797-C77F-26D8-AB3B9E5C8C24}
		{DB7932B4-59C0-68D2-1AF5-442FD1232ADF} = {7C4AFDDB-E0CD-9F59-9B7E-BF13BD542FE6}
		{B38D754F-3556-AAD0-758F-ECC7321F00DE} = {DB7932B4-59C0-68D2-1AF5-442FD1232ADF}
		{B8682DDF-94BC-EF16-2072-F48BB03E008B} = {7C4AFDDB-E0CD-9F59-9B7E-BF13BD542FE6}
		{F7923785-1EDC-B123-F998-F105578D14A3} = {B8682DDF-94BC-EF16-2072-F48BB03E008B}
		{C683487A-90D8-6BAC-B800-FB42CA90B8E3} = {7C4AFDDB-E0CD-9F59-9B7E-BF13BD542FE6}
		{D6AE9C56-22D2-C1C3-7D60-9D8D0FF68061} = {C683487A-90D8-6BAC-B800-FB42CA90B8E3}
		{4C4E5536-4B8C-1D31-F482-1DE652D8A519} = {7C4AFDDB-E0CD-9F59-9B7E-BF13BD542FE6}
		{83A1ED11-DD44-E92D-214B-6677F6838CBF} = {4C4E5536-4B8C-1D31-F482-1DE652D8A519}
	EndGlobalSection
	GlobalSection(ExtensibilityGlobals) = postSolution
		SolutionGuid = {DD99B8F8-EB9D-4B1B-95FE-A93F36A231B9}
	EndGlobalSection
EndGlobal
